
Microsoft Visual Studio Solution File, Format Version 12.00
# Visual Studio Version 16
VisualStudioVersion = 16.0.28922.388
MinimumVisualStudioVersion = 10.0.40219.1
Project("{FAE04EC0-301F-11D3-BF4B-00C04F79EFBC}") = "FindProductByImage", "FindProductByImage.csproj", "{7BC2E9EB-B546-4C04-B75C-E7408425D78E}"
EndProject
Global
	GlobalSection(SolutionConfigurationPlatforms) = preSolution
		Debug|Any CPU = Debug|Any CPU
		Release|Any CPU = Release|Any CPU
	EndGlobalSection
	GlobalSection(ProjectConfigurationPlatforms) = postSolution
		{7BC2E9EB-B546-4C04-B75C-E7408425D78E}.Debug|Any CPU.ActiveCfg = Debug|Any CPU
		{7BC2E9EB-B546-4C04-B75C-E7408425D78E}.Debug|Any CPU.Build.0 = Debug|Any CPU
		{7BC2E9EB-B546-4C04-B75C-E7408425D78E}.Release|Any CPU.ActiveCfg = Release|Any CPU
		{7BC2E9EB-B546-4C04-B75C-E7408425D78E}.Release|Any CPU.Build.0 = Release|Any CPU
	EndGlobalSection
	GlobalSection(SolutionProperties) = preSolution
		HideSolutionNode = FALSE
	EndGlobalSection
	GlobalSection(ExtensibilityGlobals) = postSolution
		SolutionGuid = {AACF5A9F-B4AB-4006-87DF-1F32F871A40C}
	EndGlobalSection
EndGlobal
